// !$*UTF8*$!
{
	archiveVersion = 1;
	classes = {
	};
	objectVersion = 46;
	objects = {

/* Begin PBXBuildFile section */
		4D3102F21F727A0A002F4778 /* main.m in Sources */ = {isa = PBXBuildFile; fileRef = 4D3102F11F727A0A002F4778 /* main.m */; };
		4D3102F51F727A0A002F4778 /* AppDelegate.m in Sources */ = {isa = PBXBuildFile; fileRef = 4D3102F41F727A0A002F4778 /* AppDelegate.m */; };
		4D3102F81F727A0A002F4778 /* ViewController.m in Sources */ = {isa = PBXBuildFile; fileRef = 4D3102F71F727A0A002F4778 /* ViewController.m */; };
		4D3102FB1F727A0A002F4778 /* Main.storyboard in Resources */ = {isa = PBXBuildFile; fileRef = 4D3102F91F727A0A002F4778 /* Main.storyboard */; };
		4D3102FD1F727A0A002F4778 /* Assets.xcassets in Resources */ = {isa = PBXBuildFile; fileRef = 4D3102FC1F727A0A002F4778 /* Assets.xcassets */; };
		4D3103001F727A0A002F4778 /* LaunchScreen.storyboard in Resources */ = {isa = PBXBuildFile; fileRef = 4D3102FE1F727A0A002F4778 /* LaunchScreen.storyboard */; };
		4D31030B1F727A0A002F4778 /* AVTests.m in Sources */ = {isa = PBXBuildFile; fileRef = 4D31030A1F727A0A002F4778 /* AVTests.m */; };
		4D3103161F727A0A002F4778 /* AVUITests.m in Sources */ = {isa = PBXBuildFile; fileRef = 4D3103151F727A0A002F4778 /* AVUITests.m */; };
/* End PBXBuildFile section */

/* Begin PBXContainerItemProxy section */
		4D3103071F727A0A002F4778 /* PBXContainerItemProxy */ = {
			isa = PBXContainerItemProxy;
			containerPortal = 4D3102E51F727A0A002F4778 /* Project object */;
			proxyType = 1;
			remoteGlobalIDString = 4D3102EC1F727A0A002F4778;
			remoteInfo = AV;
		};
		4D3103121F727A0A002F4778 /* PBXContainerItemProxy */ = {
			isa = PBXContainerItemProxy;
			containerPortal = 4D3102E51F727A0A002F4778 /* Project object */;
			proxyType = 1;
			remoteGlobalIDString = 4D3102EC1F727A0A002F4778;
			remoteInfo = AV;
		};
/* End PBXContainerItemProxy section */

/* Begin PBXFileReference section */
		4D3102ED1F727A0A002F4778 /* AV.app */ = {isa = PBXFileReference; explicitFileType = wrapper.application; includeInIndex = 0; path = AV.app; sourceTree = BUILT_PRODUCTS_DIR; };
		4D3102F11F727A0A002F4778 /* main.m */ = {isa = PBXFileReference; lastKnownFileType = sourcecode.c.objc; path = main.m; sourceTree = "<group>"; };
		4D3102F31F727A0A002F4778 /* AppDelegate.h */ = {isa = PBXFileReference; lastKnownFileType = sourcecode.c.h; path = AppDelegate.h; sourceTree = "<group>"; };
		4D3102F41F727A0A002F4778 /* AppDelegate.m */ = {isa = PBXFileReference; lastKnownFileType = sourcecode.c.objc; path = AppDelegate.m; sourceTree = "<group>"; };
		4D3102F61F727A0A002F4778 /* ViewController.h */ = {isa = PBXFileReference; lastKnownFileType = sourcecode.c.h; path = ViewController.h; sourceTree = "<group>"; };
		4D3102F71F727A0A002F4778 /* ViewController.m */ = {isa = PBXFileReference; lastKnownFileType = sourcecode.c.objc; path = ViewController.m; sourceTree = "<group>"; };
		4D3102FA1F727A0A002F4778 /* Base */ = {isa = PBXFileReference; lastKnownFileType = file.storyboard; name = Base; path = Base.lproj/Main.storyboard; sourceTree = "<group>"; };
		4D3102FC1F727A0A002F4778 /* Assets.xcassets */ = {isa = PBXFileReference; lastKnownFileType = folder.assetcatalog; path = Assets.xcassets; sourceTree = "<group>"; };
		4D3102FF1F727A0A002F4778 /* Base */ = {isa = PBXFileReference; lastKnownFileType = file.storyboard; name = Base; path = Base.lproj/LaunchScreen.storyboard; sourceTree = "<group>"; };
		4D3103011F727A0A002F4778 /* Info.plist */ = {isa = PBXFileReference; lastKnownFileType = text.plist.xml; path = Info.plist; sourceTree = "<group>"; };
		4D3103061F727A0A002F4778 /* AVTests.xctest */ = {isa = PBXFileReference; explicitFileType = wrapper.cfbundle; includeInIndex = 0; path = AVTests.xctest; sourceTree = BUILT_PRODUCTS_DIR; };
		4D31030A1F727A0A002F4778 /* AVTests.m */ = {isa = PBXFileReference; lastKnownFileType = sourcecode.c.objc; path = AVTests.m; sourceTree = "<group>"; };
		4D31030C1F727A0A002F4778 /* Info.plist */ = {isa = PBXFileReference; lastKnownFileType = text.plist.xml; path = Info.plist; sourceTree = "<group>"; };
		4D3103111F727A0A002F4778 /* AVUITests.xctest */ = {isa = PBXFileReference; explicitFileType = wrapper.cfbundle; includeInIndex = 0; path = AVUITests.xctest; sourceTree = BUILT_PRODUCTS_DIR; };
		4D3103151F727A0A002F4778 /* AVUITests.m */ = {isa = PBXFileReference; lastKnownFileType = sourcecode.c.objc; path = AVUITests.m; sourceTree = "<group>"; };
		4D3103171F727A0A002F4778 /* Info.plist */ = {isa = PBXFileReference; lastKnownFileType = text.plist.xml; path = Info.plist; sourceTree = "<group>"; };
/* End PBXFileReference section */

/* Begin PBXFrameworksBuildPhase section */
		4D3102EA1F727A0A002F4778 /* Frameworks */ = {
			isa = PBXFrameworksBuildPhase;
			buildActionMask = 2147483647;
			files = (
			);
			runOnlyForDeploymentPostprocessing = 0;
		};
		4D3103031F727A0A002F4778 /* Frameworks */ = {
			isa = PBXFrameworksBuildPhase;
			buildActionMask = 2147483647;
			files = (
			);
			runOnlyForDeploymentPostprocessing = 0;
		};
		4D31030E1F727A0A002F4778 /* Frameworks */ = {
			isa = PBXFrameworksBuildPhase;
			buildActionMask = 2147483647;
			files = (
			);
			runOnlyForDeploymentPostprocessing = 0;
		};
/* End PBXFrameworksBuildPhase section */

/* Begin PBXGroup section */
		4D3102E41F727A0A002F4778 = {
			isa = PBXGroup;
			children = (
				4D3102EF1F727A0A002F4778 /* AV */,
				4D3103091F727A0A002F4778 /* AVTests */,
				4D3103141F727A0A002F4778 /* AVUITests */,
				4D3102EE1F727A0A002F4778 /* Products */,
			);
			sourceTree = "<group>";
		};
		4D3102EE1F727A0A002F4778 /* Products */ = {
			isa = PBXGroup;
			children = (
				4D3102ED1F727A0A002F4778 /* AV.app */,
				4D3103061F727A0A002F4778 /* AVTests.xctest */,
				4D3103111F727A0A002F4778 /* AVUITests.xctest */,
			);
			name = Products;
			sourceTree = "<group>";
		};
		4D3102EF1F727A0A002F4778 /* AV */ = {
			isa = PBXGroup;
			children = (
				4D3102F31F727A0A002F4778 /* AppDelegate.h */,
				4D3102F41F727A0A002F4778 /* AppDelegate.m */,
				4D3102F61F727A0A002F4778 /* ViewController.h */,
				4D3102F71F727A0A002F4778 /* ViewController.m */,
				4D3102F91F727A0A002F4778 /* Main.storyboard */,
				4D3102FC1F727A0A002F4778 /* Assets.xcassets */,
				4D3102FE1F727A0A002F4778 /* LaunchScreen.storyboard */,
				4D3103011F727A0A002F4778 /* Info.plist */,
				4D3102F01F727A0A002F4778 /* Supporting Files */,
			);
			path = AV;
			sourceTree = "<group>";
		};
		4D3102F01F727A0A002F4778 /* Supporting Files */ = {
			isa = PBXGroup;
			children = (
				4D3102F11F727A0A002F4778 /* main.m */,
			);
			name = "Supporting Files";
			sourceTree = "<group>";
		};
		4D3103091F727A0A002F4778 /* AVTests */ = {
			isa = PBXGroup;
			children = (
				4D31030A1F727A0A002F4778 /* AVTests.m */,
				4D31030C1F727A0A002F4778 /* Info.plist */,
			);
			path = AVTests;
			sourceTree = "<group>";
		};
		4D3103141F727A0A002F4778 /* AVUITests */ = {
			isa = PBXGroup;
			children = (
				4D3103151F727A0A002F4778 /* AVUITests.m */,
				4D3103171F727A0A002F4778 /* Info.plist */,
			);
			path = AVUITests;
			sourceTree = "<group>";
		};
/* End PBXGroup section */

/* Begin PBXNativeTarget section */
		4D3102EC1F727A0A002F4778 /* AV */ = {
			isa = PBXNativeTarget;
			buildConfigurationList = 4D31031A1F727A0A002F4778 /* Build configuration list for PBXNativeTarget "AV" */;
			buildPhases = (
				4D3102E91F727A0A002F4778 /* Sources */,
				4D3102EA1F727A0A002F4778 /* Frameworks */,
				4D3102EB1F727A0A002F4778 /* Resources */,
			);
			buildRules = (
			);
			dependencies = (
			);
			name = AV;
			productName = AV;
			productReference = 4D3102ED1F727A0A002F4778 /* AV.app */;
			productType = "com.apple.product-type.application";
		};
		4D3103051F727A0A002F4778 /* AVTests */ = {
			isa = PBXNativeTarget;
			buildConfigurationList = 4D31031D1F727A0A002F4778 /* Build configuration list for PBXNativeTarget "AVTests" */;
			buildPhases = (
				4D3103021F727A0A002F4778 /* Sources */,
				4D3103031F727A0A002F4778 /* Frameworks */,
				4D3103041F727A0A002F4778 /* Resources */,
			);
			buildRules = (
			);
			dependencies = (
				4D3103081F727A0A002F4778 /* PBXTargetDependency */,
			);
			name = AVTests;
			productName = AVTests;
			productReference = 4D3103061F727A0A002F4778 /* AVTests.xctest */;
			productType = "com.apple.product-type.bundle.unit-test";
		};
		4D3103101F727A0A002F4778 /* AVUITests */ = {
			isa = PBXNativeTarget;
			buildConfigurationList = 4D3103201F727A0A002F4778 /* Build configuration list for PBXNativeTarget "AVUITests" */;
			buildPhases = (
				4D31030D1F727A0A002F4778 /* Sources */,
				4D31030E1F727A0A002F4778 /* Frameworks */,
				4D31030F1F727A0A002F4778 /* Resources */,
			);
			buildRules = (
			);
			dependencies = (
				4D3103131F727A0A002F4778 /* PBXTargetDependency */,
			);
			name = AVUITests;
			productName = AVUITests;
			productReference = 4D3103111F727A0A002F4778 /* AVUITests.xctest */;
			productType = "com.apple.product-type.bundle.ui-testing";
		};
/* End PBXNativeTarget section */

/* Begin PBXProject section */
		4D3102E51F727A0A002F4778 /* Project object */ = {
			isa = PBXProject;
			attributes = {
				LastUpgradeCheck = 0830;
				ORGANIZATIONNAME = ZZCN77;
				TargetAttributes = {
					4D3102EC1F727A0A002F4778 = {
						CreatedOnToolsVersion = 8.3.2;
						ProvisioningStyle = Automatic;
					};
					4D3103051F727A0A002F4778 = {
						CreatedOnToolsVersion = 8.3.2;
						ProvisioningStyle = Automatic;
						TestTargetID = 4D3102EC1F727A0A002F4778;
					};
					4D3103101F727A0A002F4778 = {
						CreatedOnToolsVersion = 8.3.2;
						ProvisioningStyle = Automatic;
						TestTargetID = 4D3102EC1F727A0A002F4778;
					};
				};
			};
			buildConfigurationList = 4D3102E81F727A0A002F4778 /* Build configuration list for PBXProject "AV" */;
			compatibilityVersion = "Xcode 3.2";
			developmentRegion = English;
			hasScannedForEncodings = 0;
			knownRegions = (
				en,
				Base,
			);
			mainGroup = 4D3102E41F727A0A002F4778;
			productRefGroup = 4D3102EE1F727A0A002F4778 /* Products */;
			projectDirPath = "";
			projectRoot = "";
			targets = (
				4D3102EC1F727A0A002F4778 /* AV */,
				4D3103051F727A0A002F4778 /* AVTests */,
				4D3103101F727A0A002F4778 /* AVUITests */,
			);
		};
/* End PBXProject section */

/* Begin PBXResourcesBuildPhase section */
		4D3102EB1F727A0A002F4778 /* Resources */ = {
			isa = PBXResourcesBuildPhase;
			buildActionMask = 2147483647;
			files = (
				4D3103001F727A0A002F4778 /* LaunchScreen.storyboard in Resources */,
				4D3102FD1F727A0A002F4778 /* Assets.xcassets in Resources */,
				4D3102FB1F727A0A002F4778 /* Main.storyboard in Resources */,
			);
			runOnlyForDeploymentPostprocessing = 0;
		};
		4D3103041F727A0A002F4778 /* Resources */ = {
			isa = PBXResourcesBuildPhase;
			buildActionMask = 2147483647;
			files = (
			);
			runOnlyForDeploymentPostprocessing = 0;
		};
		4D31030F1F727A0A002F4778 /* Resources */ = {
			isa = PBXResourcesBuildPhase;
			buildActionMask = 2147483647;
			files = (
			);
			runOnlyForDeploymentPostprocessing = 0;
		};
/* End PBXResourcesBuildPhase section */

/* Begin PBXSourcesBuildPhase section */
		4D3102E91F727A0A002F4778 /* Sources */ = {
			isa = PBXSourcesBuildPhase;
			buildActionMask = 2147483647;
			files = (
				4D3102F81F727A0A002F4778 /* ViewController.m in Sources */,
				4D3102F51F727A0A002F4778 /* AppDelegate.m in Sources */,
				4D3102F21F727A0A002F4778 /* main.m in Sources */,
			);
			runOnlyForDeploymentPostprocessing = 0;
		};
		4D3103021F727A0A002F4778 /* Sources */ = {
			isa = PBXSourcesBuildPhase;
			buildActionMask = 2147483647;
			files = (
				4D31030B1F727A0A002F4778 /* AVTests.m in Sources */,
			);
			runOnlyForDeploymentPostprocessing = 0;
		};
		4D31030D1F727A0A002F4778 /* Sources */ = {
			isa = PBXSourcesBuildPhase;
			buildActionMask = 2147483647;
			files = (
				4D3103161F727A0A002F4778 /* AVUITests.m in Sources */,
			);
			runOnlyForDeploymentPostprocessing = 0;
		};
/* End PBXSourcesBuildPhase section */

/* Begin PBXTargetDependency section */
		4D3103081F727A0A002F4778 /* PBXTargetDependency */ = {
			isa = PBXTargetDependency;
			target = 4D3102EC1F727A0A002F4778 /* AV */;
			targetProxy = 4D3103071F727A0A002F4778 /* PBXContainerItemProxy */;
		};
		4D3103131F727A0A002F4778 /* PBXTargetDependency */ = {
			isa = PBXTargetDependency;
			target = 4D3102EC1F727A0A002F4778 /* AV */;
			targetProxy = 4D3103121F727A0A002F4778 /* PBXContainerItemProxy */;
		};
/* End PBXTargetDependency section */

/* Begin PBXVariantGroup section */
		4D3102F91F727A0A002F4778 /* Main.storyboard */ = {
			isa = PBXVariantGroup;
			children = (
				4D3102FA1F727A0A002F4778 /* Base */,
			);
			name = Main.storyboard;
			sourceTree = "<group>";
		};
		4D3102FE1F727A0A002F4778 /* LaunchScreen.storyboard */ = {
			isa = PBXVariantGroup;
			children = (
				4D3102FF1F727A0A002F4778 /* Base */,
			);
			name = LaunchScreen.storyboard;
			sourceTree = "<group>";
		};
/* End PBXVariantGroup section */

/* Begin XCBuildConfiguration section */
		4D3103181F727A0A002F4778 /* Debug */ = {
			isa = XCBuildConfiguration;
			buildSettings = {
				ALWAYS_SEARCH_USER_PATHS = NO;
				CLANG_ANALYZER_NONNULL = YES;
				CLANG_ANALYZER_NUMBER_OBJECT_CONVERSION = YES_AGGRESSIVE;
				CLANG_CXX_LANGUAGE_STANDARD = "gnu++0x";
				CLANG_CXX_LIBRARY = "libc++";
				CLANG_ENABLE_MODULES = YES;
				CLANG_ENABLE_OBJC_ARC = YES;
				CLANG_WARN_BOOL_CONVERSION = YES;
				CLANG_WARN_CONSTANT_CONVERSION = YES;
				CLANG_WARN_DIRECT_OBJC_ISA_USAGE = YES_ERROR;
				CLANG_WARN_DOCUMENTATION_COMMENTS = YES;
				CLANG_WARN_EMPTY_BODY = YES;
				CLANG_WARN_ENUM_CONVERSION = YES;
				CLANG_WARN_INFINITE_RECURSION = YES;
				CLANG_WARN_INT_CONVERSION = YES;
				CLANG_WARN_OBJC_ROOT_CLASS = YES_ERROR;
				CLANG_WARN_SUSPICIOUS_MOVE = YES;
				CLANG_WARN_UNREACHABLE_CODE = YES;
				CLANG_WARN__DUPLICATE_METHOD_MATCH = YES;
				"CODE_SIGN_IDENTITY[sdk=iphoneos*]" = "iPhone Developer";
				COPY_PHASE_STRIP = NO;
				DEBUG_INFORMATION_FORMAT = dwarf;
				ENABLE_STRICT_OBJC_MSGSEND = YES;
				ENABLE_TESTABILITY = YES;
				GCC_C_LANGUAGE_STANDARD = gnu99;
				GCC_DYNAMIC_NO_PIC = NO;
				GCC_NO_COMMON_BLOCKS = YES;
				GCC_OPTIMIZATION_LEVEL = 0;
				GCC_PREPROCESSOR_DEFINITIONS = (
					"DEBUG=1",
					"$(inherited)",
				);
				GCC_WARN_64_TO_32_BIT_CONVERSION = YES;
				GCC_WARN_ABOUT_RETURN_TYPE = YES_ERROR;
				GCC_WARN_UNDECLARED_SELECTOR = YES;
				GCC_WARN_UNINITIALIZED_AUTOS = YES_AGGRESSIVE;
				GCC_WARN_UNUSED_FUNCTION = YES;
				GCC_WARN_UNUSED_VARIABLE = YES;
				IPHONEOS_DEPLOYMENT_TARGET = 10.3;
				MTL_ENABLE_DEBUG_INFO = YES;
				ONLY_ACTIVE_ARCH = YES;
				SDKROOT = iphoneos;
				TARGETED_DEVICE_FAMILY = "1,2";
			};
			name = Debug;
		};
		4D3103191F727A0A002F4778 /* Release */ = {
			isa = XCBuildConfiguration;
			buildSettings = {
				ALWAYS_SEARCH_USER_PATHS = NO;
				CLANG_ANALYZER_NONNULL = YES;
				CLANG_ANALYZER_NUMBER_OBJECT_CONVERSION = YES_AGGRESSIVE;
				CLANG_CXX_LANGUAGE_STANDARD = "gnu++0x";
				CLANG_CXX_LIBRARY = "libc++";
				CLANG_ENABLE_MODULES = YES;
				CLANG_ENABLE_OBJC_ARC = YES;
				CLANG_WARN_BOOL_CONVERSION = YES;
				CLANG_WARN_CONSTANT_CONVERSION = YES;
				CLANG_WARN_DIRECT_OBJC_ISA_USAGE = YES_ERROR;
				CLANG_WARN_DOCUMENTATION_COMMENTS = YES;
				CLANG_WARN_EMPTY_BODY = YES;
				CLANG_WARN_ENUM_CONVERSION = YES;
				CLANG_WARN_INFINITE_RECURSION = YES;
				CLANG_WARN_INT_CONVERSION = YES;
				CLANG_WARN_OBJC_ROOT_CLASS = YES_ERROR;
				CLANG_WARN_SUSPICIOUS_MOVE = YES;
				CLANG_WARN_UNREACHABLE_CODE = YES;
				CLANG_WARN__DUPLICATE_METHOD_MATCH = YES;
				"CODE_SIGN_IDENTITY[sdk=iphoneos*]" = "iPhone Developer";
				COPY_PHASE_STRIP = NO;
				DEBUG_INFORMATION_FORMAT = "dwarf-with-dsym";
				ENABLE_NS_ASSERTIONS = NO;
				ENABLE_STRICT_OBJC_MSGSEND = YES;
				GCC_C_LANGUAGE_STANDARD = gnu99;
				GCC_NO_COMMON_BLOCKS = YES;
				GCC_WARN_64_TO_32_BIT_CONVERSION = YES;
				GCC_WARN_ABOUT_RETURN_TYPE = YES_ERROR;
				GCC_WARN_UNDECLARED_SELECTOR = YES;
				GCC_WARN_UNINITIALIZED_AUTOS = YES_AGGRESSIVE;
				GCC_WARN_UNUSED_FUNCTION = YES;
				GCC_WARN_UNUSED_VARIABLE = YES;
				IPHONEOS_DEPLOYMENT_TARGET = 10.3;
				MTL_ENABLE_DEBUG_INFO = NO;
				SDKROOT = iphoneos;
				TARGETED_DEVICE_FAMILY = "1,2";
				VALIDATE_PRODUCT = YES;
			};
			name = Release;
		};
		4D31031B1F727A0A002F4778 /* Debug */ = {
			isa = XCBuildConfiguration;
			buildSettings = {
				ASSETCATALOG_COMPILER_APPICON_NAME = AppIcon;
				INFOPLIST_FILE = AV/Info.plist;
				LD_RUNPATH_SEARCH_PATHS = "$(inherited) @executable_path/Frameworks";
				PRODUCT_BUNDLE_IDENTIFIER = gfg.AV;
				PRODUCT_NAME = "$(TARGET_NAME)";
			};
			name = Debug;
		};
		4D31031C1F727A0A002F4778 /* Release */ = {
			isa = XCBuildConfiguration;
			buildSettings = {
				ASSETCATALOG_COMPILER_APPICON_NAME = AppIcon;
				INFOPLIST_FILE = AV/Info.plist;
				LD_RUNPATH_SEARCH_PATHS = "$(inherited) @executable_path/Frameworks";
				PRODUCT_BUNDLE_IDENTIFIER = gfg.AV;
				PRODUCT_NAME = "$(TARGET_NAME)";
			};
			name = Release;
		};
		4D31031E1F727A0A002F4778 /* Debug */ = {
			isa = XCBuildConfiguration;
			buildSettings = {
				BUNDLE_LOADER = "$(TEST_HOST)";
				INFOPLIST_FILE = AVTests/Info.plist;
				LD_RUNPATH_SEARCH_PATHS = "$(inherited) @executable_path/Frameworks @loader_path/Frameworks";
				PRODUCT_BUNDLE_IDENTIFIER = gfg.AVTests;
				PRODUCT_NAME = "$(TARGET_NAME)";
				TEST_HOST = "$(BUILT_PRODUCTS_DIR)/AV.app/AV";
			};
			name = Debug;
		};
		4D31031F1F727A0A002F4778 /* Release */ = {
			isa = XCBuildConfiguration;
			buildSettings = {
				BUNDLE_LOADER = "$(TEST_HOST)";
				INFOPLIST_FILE = AVTests/Info.plist;
				LD_RUNPATH_SEARCH_PATHS = "$(inherited) @executable_path/Frameworks @loader_path/Frameworks";
				PRODUCT_BUNDLE_IDENTIFIER = gfg.AVTests;
				PRODUCT_NAME = "$(TARGET_NAME)";
				TEST_HOST = "$(BUILT_PRODUCTS_DIR)/AV.app/AV";
			};
			name = Release;
		};
		4D3103211F727A0A002F4778 /* Debug */ = {
			isa = XCBuildConfiguration;
			buildSettings = {
				INFOPLIST_FILE = AVUITests/Info.plist;
				LD_RUNPATH_SEARCH_PATHS = "$(inherited) @executable_path/Frameworks @loader_path/Frameworks";
				PRODUCT_BUNDLE_IDENTIFIER = gfg.AVUITests;
				PRODUCT_NAME = "$(TARGET_NAME)";
				TEST_TARGET_NAME = AV;
			};
			name = Debug;
		};
		4D3103221F727A0A002F4778 /* Release */ = {
			isa = XCBuildConfiguration;
			buildSettings = {
				INFOPLIST_FILE = AVUITests/Info.plist;
				LD_RUNPATH_SEARCH_PATHS = "$(inherited) @executable_path/Frameworks @loader_path/Frameworks";
				PRODUCT_BUNDLE_IDENTIFIER = gfg.AVUITests;
				PRODUCT_NAME = "$(TARGET_NAME)";
				TEST_TARGET_NAME = AV;
			};
			name = Release;
		};
/* End XCBuildConfiguration section */

/* Begin XCConfigurationList section */
		4D3102E81F727A0A002F4778 /* Build configuration list for PBXProject "AV" */ = {
			isa = XCConfigurationList;
			buildConfigurations = (
				4D3103181F727A0A002F4778 /* Debug */,
				4D3103191F727A0A002F4778 /* Release */,
			);
			defaultConfigurationIsVisible = 0;
			defaultConfigurationName = Release;
		};
		4D31031A1F727A0A002F4778 /* Build configuration list for PBXNativeTarget "AV" */ = {
			isa = XCConfigurationList;
			buildConfigurations = (
				4D31031B1F727A0A002F4778 /* Debug */,
				4D31031C1F727A0A002F4778 /* Release */,
			);
			defaultConfigurationIsVisible = 0;
		};
		4D31031D1F727A0A002F4778 /* Build configuration list for PBXNativeTarget "AVTests" */ = {
			isa = XCConfigurationList;
			buildConfigurations = (
				4D31031E1F727A0A002F4778 /* Debug */,
				4D31031F1F727A0A002F4778 /* Release */,
			);
			defaultConfigurationIsVisible = 0;
		};
		4D3103201F727A0A002F4778 /* Build configuration list for PBXNativeTarget "AVUITests" */ = {
			isa = XCConfigurationList;
			buildConfigurations = (
				4D3103211F727A0A002F4778 /* Debug */,
				4D3103221F727A0A002F4778 /* Release */,
			);
			defaultConfigurationIsVisible = 0;
		};
/* End XCConfigurationList section */
	};
	rootObject = 4D3102E51F727A0A002F4778 /* Project object */;
}
